
Microsoft Visual Studio Solution File, Format Version 12.00
# Visual Studio Version 16
VisualStudioVersion = 16.0.30907.101
MinimumVisualStudioVersion = 10.0.40219.1
Project("{FAE04EC0-301F-11D3-BF4B-00C04F79EFBC}") = "Project3", "Project3\Project3.csproj", "{D036908D-92B9-45D2-8766-956F26916F20}"
EndProject
Global
	GlobalSection(SolutionConfigurationPlatforms) = preSolution
		Debug|Any CPU = Debug|Any CPU
		Release|Any CPU = Release|Any CPU
	EndGlobalSection
	GlobalSection(ProjectConfigurationPlatforms) = postSolution
		{D036908D-92B9-45D2-8766-956F26916F20}.Debug|Any CPU.ActiveCfg = Debug|Any CPU
		{D036908D-92B9-45D2-8766-956F26916F20}.Debug|Any CPU.Build.0 = Debug|Any CPU
		{D036908D-92B9-45D2-8766-956F26916F20}.Release|Any CPU.ActiveCfg = Release|Any CPU
		{D036908D-92B9-45D2-8766-956F26916F20}.Release|Any CPU.Build.0 = Release|Any CPU
	EndGlobalSection
	GlobalSection(SolutionProperties) = preSolution
		HideSolutionNode = FALSE
	EndGlobalSection
	GlobalSection(ExtensibilityGlobals) = postSolution
		SolutionGuid = {603B6CC4-AFEF-4CE5-B941-FCA5D18FBA97}
	EndGlobalSection
EndGlobal
